
Microsoft Visual Studio Solution File, Format Version 12.00
# Visual Studio Version 17
VisualStudioVersion = 17.10.34814.14
MinimumVisualStudioVersion = 10.0.40219.1
Project("{9A19103F-16F7-4668-BE54-9A1E7A4F7556}") = "FrankIS.MyReporter.Webclient", "FrankIS.MyReporter.Webclient\FrankIS.MyReporter.Webclient.csproj", "{ADC98D5A-BD84-4EC5-A9F1-2D1D8B5731C2}"
EndProject
Project("{9A19103F-16F7-4668-BE54-9A1E7A4F7556}") = "FrankIS.ClockifyManagement", "FrankIS.ClockifyManagement\FrankIS.ClockifyManagement.csproj", "{041787D2-5DAB-473D-A885-AFF0241D40FA}"
EndProject
Project("{9A19103F-16F7-4668-BE54-9A1E7A4F7556}") = "FrankIS.MyReporter.Management", "FrankIS.MyReporter.Management\FrankIS.MyReporter.Management.csproj", "{834460CD-05AA-49B2-A9D2-B16390A3C1F5}"
EndProject
Project("{9A19103F-16F7-4668-BE54-9A1E7A4F7556}") = "FrankIS.MyReporter.MobileClient", "FrankIS.MyReporter.MobileClient\FrankIS.MyReporter.MobileClient.csproj", "{BF2446E7-9EAB-444E-97E2-7D2E52070F62}"
EndProject
Global
	GlobalSection(SolutionConfigurationPlatforms) = preSolution
		Debug|Any CPU = Debug|Any CPU
		Release|Any CPU = Release|Any CPU
	EndGlobalSection
	GlobalSection(ProjectConfigurationPlatforms) = postSolution
		{ADC98D5A-BD84-4EC5-A9F1-2D1D8B5731C2}.Debug|Any CPU.ActiveCfg = Debug|Any CPU
		{ADC98D5A-BD84-4EC5-A9F1-2D1D8B5731C2}.Debug|Any CPU.Build.0 = Debug|Any CPU
		{ADC98D5A-BD84-4EC5-A9F1-2D1D8B5731C2}.Release|Any CPU.ActiveCfg = Release|Any CPU
		{ADC98D5A-BD84-4EC5-A9F1-2D1D8B5731C2}.Release|Any CPU.Build.0 = Release|Any CPU
		{041787D2-5DAB-473D-A885-AFF0241D40FA}.Debug|Any CPU.ActiveCfg = Debug|Any CPU
		{041787D2-5DAB-473D-A885-AFF0241D40FA}.Debug|Any CPU.Build.0 = Debug|Any CPU
		{041787D2-5DAB-473D-A885-AFF0241D40FA}.Release|Any CPU.ActiveCfg = Release|Any CPU
		{041787D2-5DAB-473D-A885-AFF0241D40FA}.Release|Any CPU.Build.0 = Release|Any CPU
		{834460CD-05AA-49B2-A9D2-B16390A3C1F5}.Debug|Any CPU.ActiveCfg = Debug|Any CPU
		{834460CD-05AA-49B2-A9D2-B16390A3C1F5}.Debug|Any CPU.Build.0 = Debug|Any CPU
		{834460CD-05AA-49B2-A9D2-B16390A3C1F5}.Release|Any CPU.ActiveCfg = Release|Any CPU
		{834460CD-05AA-49B2-A9D2-B16390A3C1F5}.Release|Any CPU.Build.0 = Release|Any CPU
		{BF2446E7-9EAB-444E-97E2-7D2E52070F62}.Debug|Any CPU.ActiveCfg = Debug|Any CPU
		{BF2446E7-9EAB-444E-97E2-7D2E52070F62}.Debug|Any CPU.Build.0 = Debug|Any CPU
		{BF2446E7-9EAB-444E-97E2-7D2E52070F62}.Debug|Any CPU.Deploy.0 = Debug|Any CPU
		{BF2446E7-9EAB-444E-97E2-7D2E52070F62}.Release|Any CPU.ActiveCfg = Release|Any CPU
		{BF2446E7-9EAB-444E-97E2-7D2E52070F62}.Release|Any CPU.Build.0 = Release|Any CPU
		{BF2446E7-9EAB-444E-97E2-7D2E52070F62}.Release|Any CPU.Deploy.0 = Release|Any CPU
	EndGlobalSection
	GlobalSection(SolutionProperties) = preSolution
		HideSolutionNode = FALSE
	EndGlobalSection
	GlobalSection(ExtensibilityGlobals) = postSolution
		SolutionGuid = {2AEB904D-0A87-4A65-90B3-D727C444053B}
	EndGlobalSection
EndGlobal
